// !$*UTF8*$!
{
	archiveVersion = 1;
	classes = {
	};
	objectVersion = 77;
	objects = {

/* Begin PBXBuildFile section */
		089528920AE30C1DC82F1C30 /* ScriptHubAdvancedOptionsView.swift in Sources */ = {isa = PBXBuildFile; fileRef = 41447934F9FEEEA0E8C36B5C /* ScriptHubAdvancedOptionsView.swift */; };
		0AEAD1701B3D76B37D6C6023 /* AppModel+AirportSubscriptions.swift in Sources */ = {isa = PBXBuildFile; fileRef = 188C87194FA4AE26B4DB0BF7 /* AppModel+AirportSubscriptions.swift */; };
		151D10C88D70BA93DD14C7FB /* MainWindowCloseBehavior.swift in Sources */ = {isa = PBXBuildFile; fileRef = 3E5E934A3C9248A1D3261702 /* MainWindowCloseBehavior.swift */; };
		18F9C44DFE83F37483900625 /* RemoteConnectionState.swift in Sources */ = {isa = PBXBuildFile; fileRef = 005134609F6BC9BEF6CB28E4 /* RemoteConnectionState.swift */; };
		1AECEBD32D966A1910B3A007 /* SettingsView.swift in Sources */ = {isa = PBXBuildFile; fileRef = F53C80368CE81330FB2D723A /* SettingsView.swift */; };
		27AF5D3F446A25299DC890B3 /* JavaScriptCore.framework in Frameworks */ = {isa = PBXBuildFile; fileRef = 13871D2C902AAF75BBD033C6 /* JavaScriptCore.framework */; };
		280C7E38DAD9F18ED8090287 /* ModuleEditorView.swift in Sources */ = {isa = PBXBuildFile; fileRef = E43B99091BF5C4100CE1DA0E /* ModuleEditorView.swift */; };
		2AD845464760705F3E0982BE /* Assets.xcassets in Resources */ = {isa = PBXBuildFile; fileRef = 3AE70978C59AAF84436C3194 /* Assets.xcassets */; };
		2ADF1ADFE70E63FE334C1B5C /* SurgeRelayTests.swift in Sources */ = {isa = PBXBuildFile; fileRef = A632A09F875AFE2F6ADC7A42 /* SurgeRelayTests.swift */; };
		2C0D2BE2BB1618A76902635E /* AirportSubscriptionsView.swift in Sources */ = {isa = PBXBuildFile; fileRef = 87C37C3A54DB5CBC3F1EBCF0 /* AirportSubscriptionsView.swift */; };
		2DE2729D489CC5CF5737F164 /* ModulesView.swift in Sources */ = {isa = PBXBuildFile; fileRef = F02309DE998787F453FD1166 /* ModulesView.swift */; };
		307EBCC9173DAEC6727856BD /* ModuleMetadataParser.swift in Sources */ = {isa = PBXBuildFile; fileRef = 1BEEA07D7884F801CEDBF10E /* ModuleMetadataParser.swift */; };
		30817299C54FAD6356760AD8 /* AppSettings.swift in Sources */ = {isa = PBXBuildFile; fileRef = EDC7CEA42FDCD13847E9AC0F /* AppSettings.swift */; };
		3090A8DBE685329420EF4F22 /* WelcomeWizardView.swift in Sources */ = {isa = PBXBuildFile; fileRef = EB516C20A3C981278B9C7766 /* WelcomeWizardView.swift */; };
		37663EE9F9B7ADDBC0A7F484 /* AirportSubscription.swift in Sources */ = {isa = PBXBuildFile; fileRef = 30A11CC5AAB02F8351813E65 /* AirportSubscription.swift */; };
		384BEBC6E1F8C9A0A53FB0FC /* AppModel.swift in Sources */ = {isa = PBXBuildFile; fileRef = 2B29AA0AD818A5D7F67A7471 /* AppModel.swift */; };
		3C9657629989C8164E64BD6D /* MenuBarStatusController.swift in Sources */ = {isa = PBXBuildFile; fileRef = B3D9950B64DCDB2C88D8980C /* MenuBarStatusController.swift */; };
		3EE4F5BD7D273B859D69002E /* ScriptHubClient.swift in Sources */ = {isa = PBXBuildFile; fileRef = 254A83429BCA625706A87254 /* ScriptHubClient.swift */; };
		401D479CF6D06ED825897F88 /* Surge Relay.icon in Resources */ = {isa = PBXBuildFile; fileRef = E07D52108B30F9447A500E3D /* Surge Relay.icon */; };
		407E672ECAD57CD270BB44B7 /* FilenameSanitizer.swift in Sources */ = {isa = PBXBuildFile; fileRef = A7557CBE98837D8B326DBF9D /* FilenameSanitizer.swift */; };
		428F3605819F521142B80066 /* ModuleOrdering.swift in Sources */ = {isa = PBXBuildFile; fileRef = A532731E293DA280A8A42D96 /* ModuleOrdering.swift */; };
		4B5E934EB9AC34C451301F50 /* WebManagementAPI.swift in Sources */ = {isa = PBXBuildFile; fileRef = 51D9670C12C677CBC8D96FA4 /* WebManagementAPI.swift */; };
		540136DA3B34EAD959E5B5F7 /* WebManagementServer.swift in Sources */ = {isa = PBXBuildFile; fileRef = 33932BCF1BFE460CA55DF088 /* WebManagementServer.swift */; };
		6266E62BC73347969AC0F86A /* AirportSubscriptionStore.swift in Sources */ = {isa = PBXBuildFile; fileRef = 35411C7772C40476DCA6585D /* AirportSubscriptionStore.swift */; };
		6C8F8E71624D2151BFA675ED /* ServiceModels.swift in Sources */ = {isa = PBXBuildFile; fileRef = A00DC6E63075F21C67B4B1EB /* ServiceModels.swift */; };
		6FD484283175DC8133118FF1 /* ModuleMerger.swift in Sources */ = {isa = PBXBuildFile; fileRef = DA24D7A4AEF1770EAB7A055B /* ModuleMerger.swift */; };
		709FF80593ADF6216AF25D9D /* RelayModule.swift in Sources */ = {isa = PBXBuildFile; fileRef = 0EE985DC3F8F9E3172A8D062 /* RelayModule.swift */; };
		72BFC19A86A6433A42A41F75 /* ModuleFileStore.swift in Sources */ = {isa = PBXBuildFile; fileRef = E1070DB686AADF6D51CF6CDB /* ModuleFileStore.swift */; };
		73DA0C1D67BF5603F9D67A2D /* Sparkle in Frameworks */ = {isa = PBXBuildFile; productRef = 635792E0623514DF6232A5D1 /* Sparkle */; };
		74EC897C29E5F3DF32C57812 /* WebResources in Resources */ = {isa = PBXBuildFile; fileRef = 1F700D434F8EB4A3091FD216 /* WebResources */; };
		75B5F5E0E0AF845CD0C5FACE /* KeychainStore.swift in Sources */ = {isa = PBXBuildFile; fileRef = 6B63578065A9F7B8CC166FF2 /* KeychainStore.swift */; };
		8375967E58B7560C4A7FE4B4 /* EmbeddedScriptHubEngine.swift in Sources */ = {isa = PBXBuildFile; fileRef = AE767EF4FAD14A21E2B2FDCC /* EmbeddedScriptHubEngine.swift */; };
		867673A7795057E6FE20DEB2 /* NetworkPathMonitor.swift in Sources */ = {isa = PBXBuildFile; fileRef = 41A01030FABE46B093E69E06 /* NetworkPathMonitor.swift */; };
		8DA26E8693FBA37A8D155709 /* ScriptHubUpstreamService.swift in Sources */ = {isa = PBXBuildFile; fileRef = 098EA18AE40BB22B02102431 /* ScriptHubUpstreamService.swift */; };
		91BF72296DEE134A528EDF1B /* LaunchAtLoginService.swift in Sources */ = {isa = PBXBuildFile; fileRef = 00FF1B0D1608D65FBA6451BE /* LaunchAtLoginService.swift */; };
		93D45771DAD23A3F8AD5473F /* MenuBarContent.swift in Sources */ = {isa = PBXBuildFile; fileRef = B79782FA982FB6C66E5D50BA /* MenuBarContent.swift */; };
		9457731342986CF96B53EA0F /* CheckForUpdatesView.swift in Sources */ = {isa = PBXBuildFile; fileRef = 8157D4CB748796B7AD783D8F /* CheckForUpdatesView.swift */; };
		96756FCCA0FA61E8A9BD7D70 /* AirportSubscriptionParser.swift in Sources */ = {isa = PBXBuildFile; fileRef = AE677995C0877AF09B6A1966 /* AirportSubscriptionParser.swift */; };
		AA8F7B5F28379ACDB4DDEDB9 /* RootView.swift in Sources */ = {isa = PBXBuildFile; fileRef = BDD7A6C8082510469A2FA843 /* RootView.swift */; };
		AFF297E85AC53B6A6291EE70 /* AppModel+RemoteClient.swift in Sources */ = {isa = PBXBuildFile; fileRef = 48AA90716AD91DCBA578659B /* AppModel+RemoteClient.swift */; };
		B46911120F2F5BB4C736DCDE /* ModuleIconStore.swift in Sources */ = {isa = PBXBuildFile; fileRef = 0C15061B43CE01B2548616E5 /* ModuleIconStore.swift */; };
		B8555D3D9FEACB351D53EBC9 /* ScriptHubOptions.swift in Sources */ = {isa = PBXBuildFile; fileRef = 0527CB5F1032EC43E9673F5D /* ScriptHubOptions.swift */; };
		C577752A7FA64D5E4749D52B /* DataHash.swift in Sources */ = {isa = PBXBuildFile; fileRef = 31722F50C6C17A7F74F3A1BC /* DataHash.swift */; };
		C8840CD5E15DB62F96AFA533 /* AirportSubscriptionParserTests.swift in Sources */ = {isa = PBXBuildFile; fileRef = E4C271BCE3EE44CE47379AF2 /* AirportSubscriptionParserTests.swift */; };
		CA5FB083B1568EEEEA50DBAF /* GitHubClient.swift in Sources */ = {isa = PBXBuildFile; fileRef = 6D546CD4ADCE23EA73DE271A /* GitHubClient.swift */; };
		D00571D70301FFF75C0BACFE /* PersistenceStore.swift in Sources */ = {isa = PBXBuildFile; fileRef = D905BBAE1F590AB7B3F224FE /* PersistenceStore.swift */; };
		D596D087CB06F13BD28D7510 /* SurgeRelayApp.swift in Sources */ = {isa = PBXBuildFile; fileRef = B5C730F372F40DAEB4E305EC /* SurgeRelayApp.swift */; };
		E52CE366B20E07E670D9E6E8 /* Components.swift in Sources */ = {isa = PBXBuildFile; fileRef = B7DAE6646C847419124DE9BB /* Components.swift */; };
		E80FCFFEF9B58FC6A20F81FB /* AppModel+WebServerLifecycle.swift in Sources */ = {isa = PBXBuildFile; fileRef = EDB5B062B404241D8B802F27 /* AppModel+WebServerLifecycle.swift */; };
		EE031356FF14CAB55365F007 /* RemoteManagementClient.swift in Sources */ = {isa = PBXBuildFile; fileRef = A52EA7BE044528DB0E91468E /* RemoteManagementClient.swift */; };
		FC75AF5CF098DE5C35C3572B /* EngineStore.swift in Sources */ = {isa = PBXBuildFile; fileRef = 354B1BF761ABD7AADD982A17 /* EngineStore.swift */; };
/* End PBXBuildFile section */

/* Begin PBXContainerItemProxy section */
		F684E4D89A35A80E65AE76AC /* PBXContainerItemProxy */ = {
			isa = PBXContainerItemProxy;
			containerPortal = 95062978F1F4A19EA710F4CB /* Project object */;
			proxyType = 1;
			remoteGlobalIDString = DE7344B3299D1D2C889AAAA3;
			remoteInfo = "Surge Relay";
		};
/* End PBXContainerItemProxy section */

/* Begin PBXFileReference section */
		005134609F6BC9BEF6CB28E4 /* RemoteConnectionState.swift */ = {isa = PBXFileReference; lastKnownFileType = sourcecode.swift; path = RemoteConnectionState.swift; sourceTree = "<group>"; };
		00FF1B0D1608D65FBA6451BE /* LaunchAtLoginService.swift */ = {isa = PBXFileReference; lastKnownFileType = sourcecode.swift; path = LaunchAtLoginService.swift; sourceTree = "<group>"; };
		0527CB5F1032EC43E9673F5D /* ScriptHubOptions.swift */ = {isa = PBXFileReference; lastKnownFileType = sourcecode.swift; path = ScriptHubOptions.swift; sourceTree = "<group>"; };
		098EA18AE40BB22B02102431 /* ScriptHubUpstreamService.swift */ = {isa = PBXFileReference; lastKnownFileType = sourcecode.swift; path = ScriptHubUpstreamService.swift; sourceTree = "<group>"; };
		0C15061B43CE01B2548616E5 /* ModuleIconStore.swift */ = {isa = PBXFileReference; lastKnownFileType = sourcecode.swift; path = ModuleIconStore.swift; sourceTree = "<group>"; };
		0EE985DC3F8F9E3172A8D062 /* RelayModule.swift */ = {isa = PBXFileReference; lastKnownFileType = sourcecode.swift; path = RelayModule.swift; sourceTree = "<group>"; };
		13871D2C902AAF75BBD033C6 /* JavaScriptCore.framework */ = {isa = PBXFileReference; lastKnownFileType = wrapper.framework; name = JavaScriptCore.framework; path = System/Library/Frameworks/JavaScriptCore.framework; sourceTree = SDKROOT; };
		188C87194FA4AE26B4DB0BF7 /* AppModel+AirportSubscriptions.swift */ = {isa = PBXFileReference; lastKnownFileType = sourcecode.swift; path = "AppModel+AirportSubscriptions.swift"; sourceTree = "<group>"; };
		1BEEA07D7884F801CEDBF10E /* ModuleMetadataParser.swift */ = {isa = PBXFileReference; lastKnownFileType = sourcecode.swift; path = ModuleMetadataParser.swift; sourceTree = "<group>"; };
		1F700D434F8EB4A3091FD216 /* WebResources */ = {isa = PBXFileReference; lastKnownFileType = folder; name = WebResources; path = SurgeRelay/WebResources; sourceTree = SOURCE_ROOT; };
		254A83429BCA625706A87254 /* ScriptHubClient.swift */ = {isa = PBXFileReference; lastKnownFileType = sourcecode.swift; path = ScriptHubClient.swift; sourceTree = "<group>"; };
		280D9149CE1820E1AE5F19C9 /* Surge RelayTests.xctest */ = {isa = PBXFileReference; explicitFileType = wrapper.cfbundle; includeInIndex = 0; path = "Surge RelayTests.xctest"; sourceTree = BUILT_PRODUCTS_DIR; };
		2968E247012225719D2FF9D5 /* Info.plist */ = {isa = PBXFileReference; lastKnownFileType = text.plist; path = Info.plist; sourceTree = "<group>"; };
		2B29AA0AD818A5D7F67A7471 /* AppModel.swift */ = {isa = PBXFileReference; lastKnownFileType = sourcecode.swift; path = AppModel.swift; sourceTree = "<group>"; };
		30A11CC5AAB02F8351813E65 /* AirportSubscription.swift */ = {isa = PBXFileReference; lastKnownFileType = sourcecode.swift; path = AirportSubscription.swift; sourceTree = "<group>"; };
		31722F50C6C17A7F74F3A1BC /* DataHash.swift */ = {isa = PBXFileReference; lastKnownFileType = sourcecode.swift; path = DataHash.swift; sourceTree = "<group>"; };
		33932BCF1BFE460CA55DF088 /* WebManagementServer.swift */ = {isa = PBXFileReference; lastKnownFileType = sourcecode.swift; path = WebManagementServer.swift; sourceTree = "<group>"; };
		35411C7772C40476DCA6585D /* AirportSubscriptionStore.swift */ = {isa = PBXFileReference; lastKnownFileType = sourcecode.swift; path = AirportSubscriptionStore.swift; sourceTree = "<group>"; };
		354B1BF761ABD7AADD982A17 /* EngineStore.swift */ = {isa = PBXFileReference; lastKnownFileType = sourcecode.swift; path = EngineStore.swift; sourceTree = "<group>"; };
		3AE70978C59AAF84436C3194 /* Assets.xcassets */ = {isa = PBXFileReference; lastKnownFileType = folder.assetcatalog; path = Assets.xcassets; sourceTree = "<group>"; };
		3E5E934A3C9248A1D3261702 /* MainWindowCloseBehavior.swift */ = {isa = PBXFileReference; lastKnownFileType = sourcecode.swift; path = MainWindowCloseBehavior.swift; sourceTree = "<group>"; };
		41447934F9FEEEA0E8C36B5C /* ScriptHubAdvancedOptionsView.swift */ = {isa = PBXFileReference; lastKnownFileType = sourcecode.swift; path = ScriptHubAdvancedOptionsView.swift; sourceTree = "<group>"; };
		41A01030FABE46B093E69E06 /* NetworkPathMonitor.swift */ = {isa = PBXFileReference; lastKnownFileType = sourcecode.swift; path = NetworkPathMonitor.swift; sourceTree = "<group>"; };
		48AA90716AD91DCBA578659B /* AppModel+RemoteClient.swift */ = {isa = PBXFileReference; lastKnownFileType = sourcecode.swift; path = "AppModel+RemoteClient.swift"; sourceTree = "<group>"; };
		51D9670C12C677CBC8D96FA4 /* WebManagementAPI.swift */ = {isa = PBXFileReference; lastKnownFileType = sourcecode.swift; path = WebManagementAPI.swift; sourceTree = "<group>"; };
		6B63578065A9F7B8CC166FF2 /* KeychainStore.swift */ = {isa = PBXFileReference; lastKnownFileType = sourcecode.swift; path = KeychainStore.swift; sourceTree = "<group>"; };
		6D546CD4ADCE23EA73DE271A /* GitHubClient.swift */ = {isa = PBXFileReference; lastKnownFileType = sourcecode.swift; path = GitHubClient.swift; sourceTree = "<group>"; };
		8157D4CB748796B7AD783D8F /* CheckForUpdatesView.swift */ = {isa = PBXFileReference; lastKnownFileType = sourcecode.swift; path = CheckForUpdatesView.swift; sourceTree = "<group>"; };
		87C37C3A54DB5CBC3F1EBCF0 /* AirportSubscriptionsView.swift */ = {isa = PBXFileReference; lastKnownFileType = sourcecode.swift; path = AirportSubscriptionsView.swift; sourceTree = "<group>"; };
		A00DC6E63075F21C67B4B1EB /* ServiceModels.swift */ = {isa = PBXFileReference; lastKnownFileType = sourcecode.swift; path = ServiceModels.swift; sourceTree = "<group>"; };
		A52EA7BE044528DB0E91468E /* RemoteManagementClient.swift */ = {isa = PBXFileReference; lastKnownFileType = sourcecode.swift; path = RemoteManagementClient.swift; sourceTree = "<group>"; };
		A532731E293DA280A8A42D96 /* ModuleOrdering.swift */ = {isa = PBXFileReference; lastKnownFileType = sourcecode.swift; path = ModuleOrdering.swift; sourceTree = "<group>"; };
		A632A09F875AFE2F6ADC7A42 /* SurgeRelayTests.swift */ = {isa = PBXFileReference; lastKnownFileType = sourcecode.swift; path = SurgeRelayTests.swift; sourceTree = "<group>"; };
		A7557CBE98837D8B326DBF9D /* FilenameSanitizer.swift */ = {isa = PBXFileReference; lastKnownFileType = sourcecode.swift; path = FilenameSanitizer.swift; sourceTree = "<group>"; };
		AE677995C0877AF09B6A1966 /* AirportSubscriptionParser.swift */ = {isa = PBXFileReference; lastKnownFileType = sourcecode.swift; path = AirportSubscriptionParser.swift; sourceTree = "<group>"; };
		AE767EF4FAD14A21E2B2FDCC /* EmbeddedScriptHubEngine.swift */ = {isa = PBXFileReference; lastKnownFileType = sourcecode.swift; path = EmbeddedScriptHubEngine.swift; sourceTree = "<group>"; };
		B3D9950B64DCDB2C88D8980C /* MenuBarStatusController.swift */ = {isa = PBXFileReference; lastKnownFileType = sourcecode.swift; path = MenuBarStatusController.swift; sourceTree = "<group>"; };
		B5C730F372F40DAEB4E305EC /* SurgeRelayApp.swift */ = {isa = PBXFileReference; lastKnownFileType = sourcecode.swift; path = SurgeRelayApp.swift; sourceTree = "<group>"; };
		B79782FA982FB6C66E5D50BA /* MenuBarContent.swift */ = {isa = PBXFileReference; lastKnownFileType = sourcecode.swift; path = MenuBarContent.swift; sourceTree = "<group>"; };
		B7DAE6646C847419124DE9BB /* Components.swift */ = {isa = PBXFileReference; lastKnownFileType = sourcecode.swift; path = Components.swift; sourceTree = "<group>"; };
		BDD7A6C8082510469A2FA843 /* RootView.swift */ = {isa = PBXFileReference; lastKnownFileType = sourcecode.swift; path = RootView.swift; sourceTree = "<group>"; };
		D905BBAE1F590AB7B3F224FE /* PersistenceStore.swift */ = {isa = PBXFileReference; lastKnownFileType = sourcecode.swift; path = PersistenceStore.swift; sourceTree = "<group>"; };
		DA24D7A4AEF1770EAB7A055B /* ModuleMerger.swift */ = {isa = PBXFileReference; lastKnownFileType = sourcecode.swift; path = ModuleMerger.swift; sourceTree = "<group>"; };
		E07D52108B30F9447A500E3D /* Surge Relay.icon */ = {isa = PBXFileReference; lastKnownFileType = wrapper.icon; path = "Surge Relay.icon"; sourceTree = "<group>"; };
		E1070DB686AADF6D51CF6CDB /* ModuleFileStore.swift */ = {isa = PBXFileReference; lastKnownFileType = sourcecode.swift; path = ModuleFileStore.swift; sourceTree = "<group>"; };
		E43B99091BF5C4100CE1DA0E /* ModuleEditorView.swift */ = {isa = PBXFileReference; lastKnownFileType = sourcecode.swift; path = ModuleEditorView.swift; sourceTree = "<group>"; };
		E4C271BCE3EE44CE47379AF2 /* AirportSubscriptionParserTests.swift */ = {isa = PBXFileReference; lastKnownFileType = sourcecode.swift; path = AirportSubscriptionParserTests.swift; sourceTree = "<group>"; };
		EB516C20A3C981278B9C7766 /* WelcomeWizardView.swift */ = {isa = PBXFileReference; lastKnownFileType = sourcecode.swift; path = WelcomeWizardView.swift; sourceTree = "<group>"; };
		EDB5B062B404241D8B802F27 /* AppModel+WebServerLifecycle.swift */ = {isa = PBXFileReference; lastKnownFileType = sourcecode.swift; path = "AppModel+WebServerLifecycle.swift"; sourceTree = "<group>"; };
		EDC7CEA42FDCD13847E9AC0F /* AppSettings.swift */ = {isa = PBXFileReference; lastKnownFileType = sourcecode.swift; path = AppSettings.swift; sourceTree = "<group>"; };
		F02309DE998787F453FD1166 /* ModulesView.swift */ = {isa = PBXFileReference; lastKnownFileType = sourcecode.swift; path = ModulesView.swift; sourceTree = "<group>"; };
		F53C80368CE81330FB2D723A /* SettingsView.swift */ = {isa = PBXFileReference; lastKnownFileType = sourcecode.swift; path = SettingsView.swift; sourceTree = "<group>"; };
		FB702CBBD9181A2CF6940B32 /* Surge Relay.app */ = {isa = PBXFileReference; explicitFileType = wrapper.application; includeInIndex = 0; path = "Surge Relay.app"; sourceTree = BUILT_PRODUCTS_DIR; };
/* End PBXFileReference section */

/* Begin PBXFrameworksBuildPhase section */
		C843CBAEA44BA96798A0CB69 /* Frameworks */ = {
			isa = PBXFrameworksBuildPhase;
			buildActionMask = 2147483647;
			files = (
				27AF5D3F446A25299DC890B3 /* JavaScriptCore.framework in Frameworks */,
				73DA0C1D67BF5603F9D67A2D /* Sparkle in Frameworks */,
			);
			runOnlyForDeploymentPostprocessing = 0;
		};
/* End PBXFrameworksBuildPhase section */

/* Begin PBXGroup section */
		05D6584CC9473A8BC0B12784 /* SurgeRelay */ = {
			isa = PBXGroup;
			children = (
				34A9D55DA8369A1C9187A35C /* Models */,
				25F381528CBA8FEE25E4A139 /* Services */,
				566BC4E001EE9379DF8EA731 /* Utilities */,
				25432D20905F79D6AE1E1480 /* Views */,
				2B29AA0AD818A5D7F67A7471 /* AppModel.swift */,
				188C87194FA4AE26B4DB0BF7 /* AppModel+AirportSubscriptions.swift */,
				48AA90716AD91DCBA578659B /* AppModel+RemoteClient.swift */,
				EDB5B062B404241D8B802F27 /* AppModel+WebServerLifecycle.swift */,
				3AE70978C59AAF84436C3194 /* Assets.xcassets */,
				2968E247012225719D2FF9D5 /* Info.plist */,
				B5C730F372F40DAEB4E305EC /* SurgeRelayApp.swift */,
			);
			path = SurgeRelay;
			sourceTree = "<group>";
		};
		25432D20905F79D6AE1E1480 /* Views */ = {
			isa = PBXGroup;
			children = (
				87C37C3A54DB5CBC3F1EBCF0 /* AirportSubscriptionsView.swift */,
				8157D4CB748796B7AD783D8F /* CheckForUpdatesView.swift */,
				B7DAE6646C847419124DE9BB /* Components.swift */,
				3E5E934A3C9248A1D3261702 /* MainWindowCloseBehavior.swift */,
				B79782FA982FB6C66E5D50BA /* MenuBarContent.swift */,
				B3D9950B64DCDB2C88D8980C /* MenuBarStatusController.swift */,
				E43B99091BF5C4100CE1DA0E /* ModuleEditorView.swift */,
				F02309DE998787F453FD1166 /* ModulesView.swift */,
				BDD7A6C8082510469A2FA843 /* RootView.swift */,
				41447934F9FEEEA0E8C36B5C /* ScriptHubAdvancedOptionsView.swift */,
				F53C80368CE81330FB2D723A /* SettingsView.swift */,
				EB516C20A3C981278B9C7766 /* WelcomeWizardView.swift */,
			);
			path = Views;
			sourceTree = "<group>";
		};
		25F381528CBA8FEE25E4A139 /* Services */ = {
			isa = PBXGroup;
			children = (
				AE677995C0877AF09B6A1966 /* AirportSubscriptionParser.swift */,
				35411C7772C40476DCA6585D /* AirportSubscriptionStore.swift */,
				AE767EF4FAD14A21E2B2FDCC /* EmbeddedScriptHubEngine.swift */,
				354B1BF761ABD7AADD982A17 /* EngineStore.swift */,
				6D546CD4ADCE23EA73DE271A /* GitHubClient.swift */,
				6B63578065A9F7B8CC166FF2 /* KeychainStore.swift */,
				00FF1B0D1608D65FBA6451BE /* LaunchAtLoginService.swift */,
				E1070DB686AADF6D51CF6CDB /* ModuleFileStore.swift */,
				0C15061B43CE01B2548616E5 /* ModuleIconStore.swift */,
				DA24D7A4AEF1770EAB7A055B /* ModuleMerger.swift */,
				41A01030FABE46B093E69E06 /* NetworkPathMonitor.swift */,
				D905BBAE1F590AB7B3F224FE /* PersistenceStore.swift */,
				A52EA7BE044528DB0E91468E /* RemoteManagementClient.swift */,
				254A83429BCA625706A87254 /* ScriptHubClient.swift */,
				098EA18AE40BB22B02102431 /* ScriptHubUpstreamService.swift */,
				51D9670C12C677CBC8D96FA4 /* WebManagementAPI.swift */,
				33932BCF1BFE460CA55DF088 /* WebManagementServer.swift */,
			);
			path = Services;
			sourceTree = "<group>";
		};
		34A9D55DA8369A1C9187A35C /* Models */ = {
			isa = PBXGroup;
			children = (
				30A11CC5AAB02F8351813E65 /* AirportSubscription.swift */,
				EDC7CEA42FDCD13847E9AC0F /* AppSettings.swift */,
				0EE985DC3F8F9E3172A8D062 /* RelayModule.swift */,
				005134609F6BC9BEF6CB28E4 /* RemoteConnectionState.swift */,
				0527CB5F1032EC43E9673F5D /* ScriptHubOptions.swift */,
				A00DC6E63075F21C67B4B1EB /* ServiceModels.swift */,
			);
			path = Models;
			sourceTree = "<group>";
		};
		566BC4E001EE9379DF8EA731 /* Utilities */ = {
			isa = PBXGroup;
			children = (
				31722F50C6C17A7F74F3A1BC /* DataHash.swift */,
				A7557CBE98837D8B326DBF9D /* FilenameSanitizer.swift */,
				1BEEA07D7884F801CEDBF10E /* ModuleMetadataParser.swift */,
				A532731E293DA280A8A42D96 /* ModuleOrdering.swift */,
			);
			path = Utilities;
			sourceTree = "<group>";
		};
		992FBA5B9AB9596787D9E76C /* SurgeRelayTests */ = {
			isa = PBXGroup;
			children = (
				E4C271BCE3EE44CE47379AF2 /* AirportSubscriptionParserTests.swift */,
				A632A09F875AFE2F6ADC7A42 /* SurgeRelayTests.swift */,
			);
			path = SurgeRelayTests;
			sourceTree = "<group>";
		};
		AF1FE33584D1B17BD84BEBB9 = {
			isa = PBXGroup;
			children = (
				05D6584CC9473A8BC0B12784 /* SurgeRelay */,
				992FBA5B9AB9596787D9E76C /* SurgeRelayTests */,
				E07D52108B30F9447A500E3D /* Surge Relay.icon */,
				1F700D434F8EB4A3091FD216 /* WebResources */,
				CB4D56D73372720752898C57 /* Frameworks */,
				ED167BD0BF30B186951E9664 /* Products */,
			);
			sourceTree = "<group>";
		};
		CB4D56D73372720752898C57 /* Frameworks */ = {
			isa = PBXGroup;
			children = (
				13871D2C902AAF75BBD033C6 /* JavaScriptCore.framework */,
			);
			name = Frameworks;
			sourceTree = "<group>";
		};
		ED167BD0BF30B186951E9664 /* Products */ = {
			isa = PBXGroup;
			children = (
				FB702CBBD9181A2CF6940B32 /* Surge Relay.app */,
				280D9149CE1820E1AE5F19C9 /* Surge RelayTests.xctest */,
			);
			name = Products;
			sourceTree = "<group>";
		};
/* End PBXGroup section */

/* Begin PBXNativeTarget section */
		DE7344B3299D1D2C889AAAA3 /* Surge Relay */ = {
			isa = PBXNativeTarget;
			buildConfigurationList = B4E763B23F95F8A87096A529 /* Build configuration list for PBXNativeTarget "Surge Relay" */;
			buildPhases = (
				DABFCEDF4067E1D8475F2D50 /* Sources */,
				8D40EF6810E24EB600001DFC /* Resources */,
				C843CBAEA44BA96798A0CB69 /* Frameworks */,
			);
			buildRules = (
			);
			dependencies = (
			);
			name = "Surge Relay";
			packageProductDependencies = (
				635792E0623514DF6232A5D1 /* Sparkle */,
			);
			productName = "Surge Relay";
			productReference = FB702CBBD9181A2CF6940B32 /* Surge Relay.app */;
			productType = "com.apple.product-type.application";
		};
		E31BDA64018EEFC05D12E6D5 /* Surge RelayTests */ = {
			isa = PBXNativeTarget;
			buildConfigurationList = 0ED6314309B11493AFBE5F66 /* Build configuration list for PBXNativeTarget "Surge RelayTests" */;
			buildPhases = (
				80D88AE2DCBE8E83CB9E4C62 /* Sources */,
			);
			buildRules = (
			);
			dependencies = (
				1A6206DFB327D4287EC1C2F9 /* PBXTargetDependency */,
			);
			name = "Surge RelayTests";
			packageProductDependencies = (
			);
			productName = "Surge RelayTests";
			productReference = 280D9149CE1820E1AE5F19C9 /* Surge RelayTests.xctest */;
			productType = "com.apple.product-type.bundle.unit-test";
		};
/* End PBXNativeTarget section */

/* Begin PBXProject section */
		95062978F1F4A19EA710F4CB /* Project object */ = {
			isa = PBXProject;
			attributes = {
				BuildIndependentTargetsInParallel = YES;
				LastUpgradeCheck = 1430;
				TargetAttributes = {
					DE7344B3299D1D2C889AAAA3 = {
						ProvisioningStyle = Automatic;
					};
					E31BDA64018EEFC05D12E6D5 = {
						ProvisioningStyle = Automatic;
					};
				};
			};
			buildConfigurationList = 9CA83779427636895D506655 /* Build configuration list for PBXProject "Surge Relay" */;
			developmentRegion = "zh-Hans";
			hasScannedForEncodings = 0;
			knownRegions = (
				Base,
				"zh-Hans",
			);
			mainGroup = AF1FE33584D1B17BD84BEBB9;
			minimizedProjectReferenceProxies = 1;
			packageReferences = (
				F992DB74790C7B7F2E245FB1 /* XCRemoteSwiftPackageReference "Sparkle" */,
			);
			preferredProjectObjectVersion = 77;
			productRefGroup = ED167BD0BF30B186951E9664 /* Products */;
			projectDirPath = "";
			projectRoot = "";
			targets = (
				DE7344B3299D1D2C889AAAA3 /* Surge Relay */,
				E31BDA64018EEFC05D12E6D5 /* Surge RelayTests */,
			);
		};
/* End PBXProject section */

/* Begin PBXResourcesBuildPhase section */
		8D40EF6810E24EB600001DFC /* Resources */ = {
			isa = PBXResourcesBuildPhase;
			buildActionMask = 2147483647;
			files = (
				2AD845464760705F3E0982BE /* Assets.xcassets in Resources */,
				401D479CF6D06ED825897F88 /* Surge Relay.icon in Resources */,
				74EC897C29E5F3DF32C57812 /* WebResources in Resources */,
			);
			runOnlyForDeploymentPostprocessing = 0;
		};
/* End PBXResourcesBuildPhase section */

/* Begin PBXSourcesBuildPhase section */
		80D88AE2DCBE8E83CB9E4C62 /* Sources */ = {
			isa = PBXSourcesBuildPhase;
			buildActionMask = 2147483647;
			files = (
				C8840CD5E15DB62F96AFA533 /* AirportSubscriptionParserTests.swift in Sources */,
				2ADF1ADFE70E63FE334C1B5C /* SurgeRelayTests.swift in Sources */,
			);
			runOnlyForDeploymentPostprocessing = 0;
		};
		DABFCEDF4067E1D8475F2D50 /* Sources */ = {
			isa = PBXSourcesBuildPhase;
			buildActionMask = 2147483647;
			files = (
				37663EE9F9B7ADDBC0A7F484 /* AirportSubscription.swift in Sources */,
				96756FCCA0FA61E8A9BD7D70 /* AirportSubscriptionParser.swift in Sources */,
				6266E62BC73347969AC0F86A /* AirportSubscriptionStore.swift in Sources */,
				2C0D2BE2BB1618A76902635E /* AirportSubscriptionsView.swift in Sources */,
				0AEAD1701B3D76B37D6C6023 /* AppModel+AirportSubscriptions.swift in Sources */,
				AFF297E85AC53B6A6291EE70 /* AppModel+RemoteClient.swift in Sources */,
				E80FCFFEF9B58FC6A20F81FB /* AppModel+WebServerLifecycle.swift in Sources */,
				384BEBC6E1F8C9A0A53FB0FC /* AppModel.swift in Sources */,
				30817299C54FAD6356760AD8 /* AppSettings.swift in Sources */,
				9457731342986CF96B53EA0F /* CheckForUpdatesView.swift in Sources */,
				E52CE366B20E07E670D9E6E8 /* Components.swift in Sources */,
				C577752A7FA64D5E4749D52B /* DataHash.swift in Sources */,
				8375967E58B7560C4A7FE4B4 /* EmbeddedScriptHubEngine.swift in Sources */,
				FC75AF5CF098DE5C35C3572B /* EngineStore.swift in Sources */,
				407E672ECAD57CD270BB44B7 /* FilenameSanitizer.swift in Sources */,
				CA5FB083B1568EEEEA50DBAF /* GitHubClient.swift in Sources */,
				75B5F5E0E0AF845CD0C5FACE /* KeychainStore.swift in Sources */,
				91BF72296DEE134A528EDF1B /* LaunchAtLoginService.swift in Sources */,
				151D10C88D70BA93DD14C7FB /* MainWindowCloseBehavior.swift in Sources */,
				93D45771DAD23A3F8AD5473F /* MenuBarContent.swift in Sources */,
				3C9657629989C8164E64BD6D /* MenuBarStatusController.swift in Sources */,
				280C7E38DAD9F18ED8090287 /* ModuleEditorView.swift in Sources */,
				72BFC19A86A6433A42A41F75 /* ModuleFileStore.swift in Sources */,
				B46911120F2F5BB4C736DCDE /* ModuleIconStore.swift in Sources */,
				6FD484283175DC8133118FF1 /* ModuleMerger.swift in Sources */,
				307EBCC9173DAEC6727856BD /* ModuleMetadataParser.swift in Sources */,
				428F3605819F521142B80066 /* ModuleOrdering.swift in Sources */,
				2DE2729D489CC5CF5737F164 /* ModulesView.swift in Sources */,
				867673A7795057E6FE20DEB2 /* NetworkPathMonitor.swift in Sources */,
				D00571D70301FFF75C0BACFE /* PersistenceStore.swift in Sources */,
				709FF80593ADF6216AF25D9D /* RelayModule.swift in Sources */,
				18F9C44DFE83F37483900625 /* RemoteConnectionState.swift in Sources */,
				EE031356FF14CAB55365F007 /* RemoteManagementClient.swift in Sources */,
				AA8F7B5F28379ACDB4DDEDB9 /* RootView.swift in Sources */,
				089528920AE30C1DC82F1C30 /* ScriptHubAdvancedOptionsView.swift in Sources */,
				3EE4F5BD7D273B859D69002E /* ScriptHubClient.swift in Sources */,
				B8555D3D9FEACB351D53EBC9 /* ScriptHubOptions.swift in Sources */,
				8DA26E8693FBA37A8D155709 /* ScriptHubUpstreamService.swift in Sources */,
				6C8F8E71624D2151BFA675ED /* ServiceModels.swift in Sources */,
				1AECEBD32D966A1910B3A007 /* SettingsView.swift in Sources */,
				D596D087CB06F13BD28D7510 /* SurgeRelayApp.swift in Sources */,
				4B5E934EB9AC34C451301F50 /* WebManagementAPI.swift in Sources */,
				540136DA3B34EAD959E5B5F7 /* WebManagementServer.swift in Sources */,
				3090A8DBE685329420EF4F22 /* WelcomeWizardView.swift in Sources */,
			);
			runOnlyForDeploymentPostprocessing = 0;
		};
/* End PBXSourcesBuildPhase section */

/* Begin PBXTargetDependency section */
		1A6206DFB327D4287EC1C2F9 /* PBXTargetDependency */ = {
			isa = PBXTargetDependency;
			target = DE7344B3299D1D2C889AAAA3 /* Surge Relay */;
			targetProxy = F684E4D89A35A80E65AE76AC /* PBXContainerItemProxy */;
		};
/* End PBXTargetDependency section */

/* Begin XCBuildConfiguration section */
		2D0D31CA9EBF11C84DC8CDE1 /* Release */ = {
			isa = XCBuildConfiguration;
			buildSettings = {
				ALWAYS_SEARCH_USER_PATHS = NO;
				CLANG_ANALYZER_NONNULL = YES;
				CLANG_ANALYZER_NUMBER_OBJECT_CONVERSION = YES_AGGRESSIVE;
				CLANG_CXX_LANGUAGE_STANDARD = "gnu++14";
				CLANG_CXX_LIBRARY = "libc++";
				CLANG_ENABLE_MODULES = YES;
				CLANG_ENABLE_OBJC_ARC = YES;
				CLANG_ENABLE_OBJC_WEAK = YES;
				CLANG_WARN_BLOCK_CAPTURE_AUTORELEASING = YES;
				CLANG_WARN_BOOL_CONVERSION = YES;
				CLANG_WARN_COMMA = YES;
				CLANG_WARN_CONSTANT_CONVERSION = YES;
				CLANG_WARN_DEPRECATED_OBJC_IMPLEMENTATIONS = YES;
				CLANG_WARN_DIRECT_OBJC_ISA_USAGE = YES_ERROR;
				CLANG_WARN_DOCUMENTATION_COMMENTS = YES;
				CLANG_WARN_EMPTY_BODY = YES;
				CLANG_WARN_ENUM_CONVERSION = YES;
				CLANG_WARN_INFINITE_RECURSION = YES;
				CLANG_WARN_INT_CONVERSION = YES;
				CLANG_WARN_NON_LITERAL_NULL_CONVERSION = YES;
				CLANG_WARN_OBJC_IMPLICIT_RETAIN_SELF = YES;
				CLANG_WARN_OBJC_LITERAL_CONVERSION = YES;
				CLANG_WARN_OBJC_ROOT_CLASS = YES_ERROR;
				CLANG_WARN_QUOTED_INCLUDE_IN_FRAMEWORK_HEADER = YES;
				CLANG_WARN_RANGE_LOOP_ANALYSIS = YES;
				CLANG_WARN_STRICT_PROTOTYPES = YES;
				CLANG_WARN_SUSPICIOUS_MOVE = YES;
				CLANG_WARN_UNGUARDED_AVAILABILITY = YES_AGGRESSIVE;
				CLANG_WARN_UNREACHABLE_CODE = YES;
				CLANG_WARN__DUPLICATE_METHOD_MATCH = YES;
				CODE_SIGN_STYLE = Automatic;
				COPY_PHASE_STRIP = NO;
				CURRENT_PROJECT_VERSION = 202609100000;
				DEBUG_INFORMATION_FORMAT = "dwarf-with-dsym";
				ENABLE_NS_ASSERTIONS = NO;
				ENABLE_STRICT_OBJC_MSGSEND = YES;
				ENABLE_USER_SCRIPT_SANDBOXING = YES;
				GCC_C_LANGUAGE_STANDARD = gnu11;
				GCC_NO_COMMON_BLOCKS = YES;
				GCC_WARN_64_TO_32_BIT_CONVERSION = YES;
				GCC_WARN_ABOUT_RETURN_TYPE = YES_ERROR;
				GCC_WARN_UNDECLARED_SELECTOR = YES;
				GCC_WARN_UNINITIALIZED_AUTOS = YES_AGGRESSIVE;
				GCC_WARN_UNUSED_FUNCTION = YES;
				GCC_WARN_UNUSED_VARIABLE = YES;
				MACOSX_DEPLOYMENT_TARGET = 26.0;
				MARKETING_VERSION = 202609100000;
				MTL_ENABLE_DEBUG_INFO = NO;
				MTL_FAST_MATH = YES;
				PRODUCT_NAME = "$(TARGET_NAME)";
				SDKROOT = macosx;
				SWIFT_COMPILATION_MODE = wholemodule;
				SWIFT_OPTIMIZATION_LEVEL = "-O";
				SWIFT_VERSION = 6.0;
			};
			name = Release;
		};
		38338A9B3FAB23832830242E /* Release */ = {
			isa = XCBuildConfiguration;
			buildSettings = {
				ASSETCATALOG_COMPILER_APPICON_NAME = "Surge Relay";
				ARCHS = arm64;
				COMBINE_HIDPI_IMAGES = YES;
				ENABLE_APP_SANDBOX = NO;
				INFOPLIST_FILE = SurgeRelay/Info.plist;
				LD_RUNPATH_SEARCH_PATHS = (
					"$(inherited)",
					"@executable_path/../Frameworks",
				);
				MACOSX_DEPLOYMENT_TARGET = 26.0;
				PRODUCT_BUNDLE_IDENTIFIER = com.allenmiao.SurgeRelay;
				PRODUCT_MODULE_NAME = SurgeRelay;
				PRODUCT_NAME = "Surge Relay";
				SDKROOT = macosx;
				SWIFT_STRICT_CONCURRENCY = complete;
			};
			name = Release;
		};
		38DEC6C492CF4BAABDD23E00 /* Release */ = {
			isa = XCBuildConfiguration;
			buildSettings = {
				BUNDLE_LOADER = "$(TEST_HOST)";
				COMBINE_HIDPI_IMAGES = YES;
				GENERATE_INFOPLIST_FILE = YES;
				LD_RUNPATH_SEARCH_PATHS = (
					"$(inherited)",
					"@executable_path/../Frameworks",
					"@loader_path/../Frameworks",
				);
				MACOSX_DEPLOYMENT_TARGET = 26.0;
				PRODUCT_BUNDLE_IDENTIFIER = com.allenmiao.SurgeRelayTests;
				SDKROOT = macosx;
				TEST_HOST = "$(BUILT_PRODUCTS_DIR)/Surge Relay.app/Contents/MacOS/Surge Relay";
			};
			name = Release;
		};
		6154134C4599EAAD5A7D9422 /* Debug */ = {
			isa = XCBuildConfiguration;
			buildSettings = {
				ALWAYS_SEARCH_USER_PATHS = NO;
				CLANG_ANALYZER_NONNULL = YES;
				CLANG_ANALYZER_NUMBER_OBJECT_CONVERSION = YES_AGGRESSIVE;
				CLANG_CXX_LANGUAGE_STANDARD = "gnu++14";
				CLANG_CXX_LIBRARY = "libc++";
				CLANG_ENABLE_MODULES = YES;
				CLANG_ENABLE_OBJC_ARC = YES;
				CLANG_ENABLE_OBJC_WEAK = YES;
				CLANG_WARN_BLOCK_CAPTURE_AUTORELEASING = YES;
				CLANG_WARN_BOOL_CONVERSION = YES;
				CLANG_WARN_COMMA = YES;
				CLANG_WARN_CONSTANT_CONVERSION = YES;
				CLANG_WARN_DEPRECATED_OBJC_IMPLEMENTATIONS = YES;
				CLANG_WARN_DIRECT_OBJC_ISA_USAGE = YES_ERROR;
				CLANG_WARN_DOCUMENTATION_COMMENTS = YES;
				CLANG_WARN_EMPTY_BODY = YES;
				CLANG_WARN_ENUM_CONVERSION = YES;
				CLANG_WARN_INFINITE_RECURSION = YES;
				CLANG_WARN_INT_CONVERSION = YES;
				CLANG_WARN_NON_LITERAL_NULL_CONVERSION = YES;
				CLANG_WARN_OBJC_IMPLICIT_RETAIN_SELF = YES;
				CLANG_WARN_OBJC_LITERAL_CONVERSION = YES;
				CLANG_WARN_OBJC_ROOT_CLASS = YES_ERROR;
				CLANG_WARN_QUOTED_INCLUDE_IN_FRAMEWORK_HEADER = YES;
				CLANG_WARN_RANGE_LOOP_ANALYSIS = YES;
				CLANG_WARN_STRICT_PROTOTYPES = YES;
				CLANG_WARN_SUSPICIOUS_MOVE = YES;
				CLANG_WARN_UNGUARDED_AVAILABILITY = YES_AGGRESSIVE;
				CLANG_WARN_UNREACHABLE_CODE = YES;
				CLANG_WARN__DUPLICATE_METHOD_MATCH = YES;
				CODE_SIGN_STYLE = Automatic;
				COPY_PHASE_STRIP = NO;
				CURRENT_PROJECT_VERSION = 202609100000;
				DEBUG_INFORMATION_FORMAT = dwarf;
				ENABLE_STRICT_OBJC_MSGSEND = YES;
				ENABLE_TESTABILITY = YES;
				ENABLE_USER_SCRIPT_SANDBOXING = YES;
				GCC_C_LANGUAGE_STANDARD = gnu11;
				GCC_DYNAMIC_NO_PIC = NO;
				GCC_NO_COMMON_BLOCKS = YES;
				GCC_OPTIMIZATION_LEVEL = 0;
				GCC_PREPROCESSOR_DEFINITIONS = (
					"$(inherited)",
					"DEBUG=1",
				);
				GCC_WARN_64_TO_32_BIT_CONVERSION = YES;
				GCC_WARN_ABOUT_RETURN_TYPE = YES_ERROR;
				GCC_WARN_UNDECLARED_SELECTOR = YES;
				GCC_WARN_UNINITIALIZED_AUTOS = YES_AGGRESSIVE;
				GCC_WARN_UNUSED_FUNCTION = YES;
				GCC_WARN_UNUSED_VARIABLE = YES;
				MACOSX_DEPLOYMENT_TARGET = 26.0;
				MARKETING_VERSION = 202609100000;
				MTL_ENABLE_DEBUG_INFO = INCLUDE_SOURCE;
				MTL_FAST_MATH = YES;
				ONLY_ACTIVE_ARCH = YES;
				PRODUCT_NAME = "$(TARGET_NAME)";
				SDKROOT = macosx;
				SWIFT_ACTIVE_COMPILATION_CONDITIONS = DEBUG;
				SWIFT_OPTIMIZATION_LEVEL = "-Onone";
				SWIFT_VERSION = 6.0;
			};
			name = Debug;
		};
		D90271269BFB871E4CCA0996 /* Debug */ = {
			isa = XCBuildConfiguration;
			buildSettings = {
				ASSETCATALOG_COMPILER_APPICON_NAME = "Surge Relay";
				ARCHS = arm64;
				COMBINE_HIDPI_IMAGES = YES;
				ENABLE_APP_SANDBOX = NO;
				INFOPLIST_FILE = SurgeRelay/Info.plist;
				LD_RUNPATH_SEARCH_PATHS = (
					"$(inherited)",
					"@executable_path/../Frameworks",
				);
				MACOSX_DEPLOYMENT_TARGET = 26.0;
				PRODUCT_BUNDLE_IDENTIFIER = com.allenmiao.SurgeRelay;
				PRODUCT_MODULE_NAME = SurgeRelay;
				PRODUCT_NAME = "Surge Relay";
				SDKROOT = macosx;
				SWIFT_STRICT_CONCURRENCY = complete;
			};
			name = Debug;
		};
		E0C8D69C629E748BBDCE49C0 /* Debug */ = {
			isa = XCBuildConfiguration;
			buildSettings = {
				BUNDLE_LOADER = "$(TEST_HOST)";
				COMBINE_HIDPI_IMAGES = YES;
				GENERATE_INFOPLIST_FILE = YES;
				LD_RUNPATH_SEARCH_PATHS = (
					"$(inherited)",
					"@executable_path/../Frameworks",
					"@loader_path/../Frameworks",
				);
				MACOSX_DEPLOYMENT_TARGET = 26.0;
				PRODUCT_BUNDLE_IDENTIFIER = com.allenmiao.SurgeRelayTests;
				SDKROOT = macosx;
				TEST_HOST = "$(BUILT_PRODUCTS_DIR)/Surge Relay.app/Contents/MacOS/Surge Relay";
			};
			name = Debug;
		};
/* End XCBuildConfiguration section */

/* Begin XCConfigurationList section */
		0ED6314309B11493AFBE5F66 /* Build configuration list for PBXNativeTarget "Surge RelayTests" */ = {
			isa = XCConfigurationList;
			buildConfigurations = (
				E0C8D69C629E748BBDCE49C0 /* Debug */,
				38DEC6C492CF4BAABDD23E00 /* Release */,
			);
			defaultConfigurationIsVisible = 0;
			defaultConfigurationName = Debug;
		};
		9CA83779427636895D506655 /* Build configuration list for PBXProject "Surge Relay" */ = {
			isa = XCConfigurationList;
			buildConfigurations = (
				6154134C4599EAAD5A7D9422 /* Debug */,
				2D0D31CA9EBF11C84DC8CDE1 /* Release */,
			);
			defaultConfigurationIsVisible = 0;
			defaultConfigurationName = Debug;
		};
		B4E763B23F95F8A87096A529 /* Build configuration list for PBXNativeTarget "Surge Relay" */ = {
			isa = XCConfigurationList;
			buildConfigurations = (
				D90271269BFB871E4CCA0996 /* Debug */,
				38338A9B3FAB23832830242E /* Release */,
			);
			defaultConfigurationIsVisible = 0;
			defaultConfigurationName = Debug;
		};
/* End XCConfigurationList section */

/* Begin XCRemoteSwiftPackageReference section */
		F992DB74790C7B7F2E245FB1 /* XCRemoteSwiftPackageReference "Sparkle" */ = {
			isa = XCRemoteSwiftPackageReference;
			repositoryURL = "https://github.com/sparkle-project/Sparkle";
			requirement = {
				kind = upToNextMajorVersion;
				minimumVersion = 2.9.3;
			};
		};
/* End XCRemoteSwiftPackageReference section */

/* Begin XCSwiftPackageProductDependency section */
		635792E0623514DF6232A5D1 /* Sparkle */ = {
			isa = XCSwiftPackageProductDependency;
			package = F992DB74790C7B7F2E245FB1 /* XCRemoteSwiftPackageReference "Sparkle" */;
			productName = Sparkle;
		};
/* End XCSwiftPackageProductDependency section */
	};
	rootObject = 95062978F1F4A19EA710F4CB /* Project object */;
}
